
Microsoft Visual Studio Solution File, Format Version 12.00
# Visual Studio 14
VisualStudioVersion = 14.0.25420.1
MinimumVisualStudioVersion = 10.0.40219.1
Project("{FAE04EC0-301F-11D3-BF4B-00C04F79EFBC}") = "Spotify.Overlay", "Spotify.Overlay\Spotify.Overlay.csproj", "{05FC03AD-4BAE-41DD-9979-A4AA3DBC5A9F}"
	ProjectSection(ProjectDependencies) = postProject
		{52954DFE-9AEB-4309-B6E6-9040A32CD709} = {52954DFE-9AEB-4309-B6E6-9040A32CD709}
	EndProjectSection
EndProject
Project("{FAE04EC0-301F-11D3-BF4B-00C04F79EFBC}") = "Spotify.Overlay.Controls", "..\Spotify.Overlay.Controls\Spotify.Overlay.Controls\Spotify.Overlay.Controls.csproj", "{52954DFE-9AEB-4309-B6E6-9040A32CD709}"
EndProject
Global
	GlobalSection(SolutionConfigurationPlatforms) = preSolution
		Debug|Any CPU = Debug|Any CPU
		Release|Any CPU = Release|Any CPU
	EndGlobalSection
	GlobalSection(ProjectConfigurationPlatforms) = postSolution
		{05FC03AD-4BAE-41DD-9979-A4AA3DBC5A9F}.Debug|Any CPU.ActiveCfg = Debug|Any CPU
		{05FC03AD-4BAE-41DD-9979-A4AA3DBC5A9F}.Debug|Any CPU.Build.0 = Debug|Any CPU
		{05FC03AD-4BAE-41DD-9979-A4AA3DBC5A9F}.Release|Any CPU.ActiveCfg = Release|Any CPU
		{05FC03AD-4BAE-41DD-9979-A4AA3DBC5A9F}.Release|Any CPU.Build.0 = Release|Any CPU
		{52954DFE-9AEB-4309-B6E6-9040A32CD709}.Debug|Any CPU.ActiveCfg = Debug|Any CPU
		{52954DFE-9AEB-4309-B6E6-9040A32CD709}.Debug|Any CPU.Build.0 = Debug|Any CPU
		{52954DFE-9AEB-4309-B6E6-9040A32CD709}.Release|Any CPU.ActiveCfg = Release|Any CPU
		{52954DFE-9AEB-4309-B6E6-9040A32CD709}.Release|Any CPU.Build.0 = Release|Any CPU
	EndGlobalSection
	GlobalSection(SolutionProperties) = preSolution
		HideSolutionNode = FALSE
	EndGlobalSection
EndGlobal
